
Microsoft Visual Studio Solution File, Format Version 12.00
# Visual Studio Version 16
VisualStudioVersion = 16.0.32630.194
MinimumVisualStudioVersion = 10.0.40219.1
Project("{FAE04EC0-301F-11D3-BF4B-00C04F79EFBC}") = "a2223330152_estudiodecasoclaseC", "a2223330152_estudiodecasoclaseC\a2223330152_estudiodecasoclaseC.csproj", "{2CDD165C-C7E2-4950-809F-DDD05EF61C9F}"
EndProject
Global
	GlobalSection(SolutionConfigurationPlatforms) = preSolution
		Debug|Any CPU = Debug|Any CPU
		Release|Any CPU = Release|Any CPU
	EndGlobalSection
	GlobalSection(ProjectConfigurationPlatforms) = postSolution
		{2CDD165C-C7E2-4950-809F-DDD05EF61C9F}.Debug|Any CPU.ActiveCfg = Debug|Any CPU
		{2CDD165C-C7E2-4950-809F-DDD05EF61C9F}.Debug|Any CPU.Build.0 = Debug|Any CPU
		{2CDD165C-C7E2-4950-809F-DDD05EF61C9F}.Release|Any CPU.ActiveCfg = Release|Any CPU
		{2CDD165C-C7E2-4950-809F-DDD05EF61C9F}.Release|Any CPU.Build.0 = Release|Any CPU
	EndGlobalSection
	GlobalSection(SolutionProperties) = preSolution
		HideSolutionNode = FALSE
	EndGlobalSection
	GlobalSection(ExtensibilityGlobals) = postSolution
		SolutionGuid = {DF5F0998-878E-4AFA-8AF1-8085FA6B4C97}
	EndGlobalSection
EndGlobal
