
Microsoft Visual Studio Solution File, Format Version 12.00
# Visual Studio Version 16
VisualStudioVersion = 16.0.32630.194
MinimumVisualStudioVersion = 10.0.40219.1
Project("{FAE04EC0-301F-11D3-BF4B-00C04F79EFBC}") = "a2223330152_Tarea06_Unidad2", "a2223330152_Tarea06_Unidad2\a2223330152_Tarea06_Unidad2.csproj", "{ED1F9F2B-2938-472B-B873-8C098D75CABA}"
EndProject
Global
	GlobalSection(SolutionConfigurationPlatforms) = preSolution
		Debug|Any CPU = Debug|Any CPU
		Release|Any CPU = Release|Any CPU
	EndGlobalSection
	GlobalSection(ProjectConfigurationPlatforms) = postSolution
		{ED1F9F2B-2938-472B-B873-8C098D75CABA}.Debug|Any CPU.ActiveCfg = Debug|Any CPU
		{ED1F9F2B-2938-472B-B873-8C098D75CABA}.Debug|Any CPU.Build.0 = Debug|Any CPU
		{ED1F9F2B-2938-472B-B873-8C098D75CABA}.Release|Any CPU.ActiveCfg = Release|Any CPU
		{ED1F9F2B-2938-472B-B873-8C098D75CABA}.Release|Any CPU.Build.0 = Release|Any CPU
	EndGlobalSection
	GlobalSection(SolutionProperties) = preSolution
		HideSolutionNode = FALSE
	EndGlobalSection
	GlobalSection(ExtensibilityGlobals) = postSolution
		SolutionGuid = {636763DA-29D3-4FD6-A82D-EE07ECFED407}
	EndGlobalSection
EndGlobal
